// !$*UTF8*$!
{
	archiveVersion = 1;
	classes = {
	};
	objectVersion = 48;
	objects = {

/* Begin PBXBuildFile section */
		FF21F5091DA81B1C0064EB90 /* AddClockLocationViewController.swift in Sources */ = {isa = PBXBuildFile; fileRef = FF21F4F41DA81B1C0064EB90 /* AddClockLocationViewController.swift */; };
		FF21F50A1DA81B1C0064EB90 /* AddNewWeatherLocationViewController.swift in Sources */ = {isa = PBXBuildFile; fileRef = FF21F4F51DA81B1C0064EB90 /* AddNewWeatherLocationViewController.swift */; };
		FF21F50B1DA81B1C0064EB90 /* AppDelegate.swift in Sources */ = {isa = PBXBuildFile; fileRef = FF21F4F61DA81B1C0064EB90 /* AppDelegate.swift */; };
		FF21F50C1DA81B1C0064EB90 /* Assets.xcassets in Resources */ = {isa = PBXBuildFile; fileRef = FF21F4F71DA81B1C0064EB90 /* Assets.xcassets */; };
		FF21F50D1DA81B1C0064EB90 /* LaunchScreen.storyboard in Resources */ = {isa = PBXBuildFile; fileRef = FF21F4F91DA81B1C0064EB90 /* LaunchScreen.storyboard */; };
		FF21F50E1DA81B1C0064EB90 /* Main.storyboard in Resources */ = {isa = PBXBuildFile; fileRef = FF21F4FB1DA81B1C0064EB90 /* Main.storyboard */; };
		FF21F50F1DA81B1C0064EB90 /* ClockTableViewCell.swift in Sources */ = {isa = PBXBuildFile; fileRef = FF21F4FD1DA81B1C0064EB90 /* ClockTableViewCell.swift */; };
		FF21F5101DA81B1C0064EB90 /* CurrencyConverterViewController.swift in Sources */ = {isa = PBXBuildFile; fileRef = FF21F4FE1DA81B1C0064EB90 /* CurrencyConverterViewController.swift */; };
		FF21F5111DA81B1C0064EB90 /* CurrencyTableViewCell.swift in Sources */ = {isa = PBXBuildFile; fileRef = FF21F4FF1DA81B1C0064EB90 /* CurrencyTableViewCell.swift */; };
		FF21F5121DA81B1C0064EB90 /* DictionaryInfoViewController.swift in Sources */ = {isa = PBXBuildFile; fileRef = FF21F5001DA81B1C0064EB90 /* DictionaryInfoViewController.swift */; };
		FF21F5141DA81B1C0064EB90 /* TranslationsTableViewCell.swift in Sources */ = {isa = PBXBuildFile; fileRef = FF21F5021DA81B1C0064EB90 /* TranslationsTableViewCell.swift */; };
		FF21F5151DA81B1C0064EB90 /* TranslatorViewController.swift in Sources */ = {isa = PBXBuildFile; fileRef = FF21F5031DA81B1C0064EB90 /* TranslatorViewController.swift */; };
		FF21F5161DA81B1C0064EB90 /* WeatherTableViewCell.swift in Sources */ = {isa = PBXBuildFile; fileRef = FF21F5041DA81B1C0064EB90 /* WeatherTableViewCell.swift */; };
		FF21F5171DA81B1C0064EB90 /* WeatherViewController.swift in Sources */ = {isa = PBXBuildFile; fileRef = FF21F5051DA81B1C0064EB90 /* WeatherViewController.swift */; };
		FF21F5181DA81B1C0064EB90 /* World_Traveler_s_App.xcdatamodeld in Sources */ = {isa = PBXBuildFile; fileRef = FF21F5061DA81B1C0064EB90 /* World_Traveler_s_App.xcdatamodeld */; };
		FF21F5191DA81B1C0064EB90 /* WorldClockViewController.swift in Sources */ = {isa = PBXBuildFile; fileRef = FF21F5081DA81B1C0064EB90 /* WorldClockViewController.swift */; };
		FF5435BA1DB3AE3200E28153 /* SelectCurrencyViewController.swift in Sources */ = {isa = PBXBuildFile; fileRef = FF5435B91DB3AE3200E28153 /* SelectCurrencyViewController.swift */; };
		FF67A3B31DB772CD00ABC326 /* CurrencySelectorTableViewCell.swift in Sources */ = {isa = PBXBuildFile; fileRef = FF67A3B21DB772CD00ABC326 /* CurrencySelectorTableViewCell.swift */; };
		FF9F099C1DB8FB6300A54028 /* Section.swift in Sources */ = {isa = PBXBuildFile; fileRef = FF9F099B1DB8FB6300A54028 /* Section.swift */; };
		FFAE2D9A1DB6462B001C1FA1 /* BlurVisualEffectViewController.swift in Sources */ = {isa = PBXBuildFile; fileRef = FFAE2D991DB6462B001C1FA1 /* BlurVisualEffectViewController.swift */; };
		FFCEF3D61DB7C4440068513B /* SectionsData.swift in Sources */ = {isa = PBXBuildFile; fileRef = FFCEF3D51DB7C4440068513B /* SectionsData.swift */; };
/* End PBXBuildFile section */

/* Begin PBXFileReference section */
		FF21F4F41DA81B1C0064EB90 /* AddClockLocationViewController.swift */ = {isa = PBXFileReference; fileEncoding = 4; lastKnownFileType = sourcecode.swift; path = AddClockLocationViewController.swift; sourceTree = "<group>"; };
		FF21F4F51DA81B1C0064EB90 /* AddNewWeatherLocationViewController.swift */ = {isa = PBXFileReference; fileEncoding = 4; lastKnownFileType = sourcecode.swift; path = AddNewWeatherLocationViewController.swift; sourceTree = "<group>"; };
		FF21F4F61DA81B1C0064EB90 /* AppDelegate.swift */ = {isa = PBXFileReference; fileEncoding = 4; lastKnownFileType = sourcecode.swift; path = AppDelegate.swift; sourceTree = "<group>"; };
		FF21F4F71DA81B1C0064EB90 /* Assets.xcassets */ = {isa = PBXFileReference; lastKnownFileType = folder.assetcatalog; path = Assets.xcassets; sourceTree = "<group>"; };
		FF21F4FA1DA81B1C0064EB90 /* Base */ = {isa = PBXFileReference; lastKnownFileType = file.storyboard; name = Base; path = LaunchScreen.storyboard; sourceTree = "<group>"; };
		FF21F4FC1DA81B1C0064EB90 /* Base */ = {isa = PBXFileReference; lastKnownFileType = file.storyboard; name = Base; path = Main.storyboard; sourceTree = "<group>"; };
		FF21F4FD1DA81B1C0064EB90 /* ClockTableViewCell.swift */ = {isa = PBXFileReference; fileEncoding = 4; lastKnownFileType = sourcecode.swift; path = ClockTableViewCell.swift; sourceTree = "<group>"; };
		FF21F4FE1DA81B1C0064EB90 /* CurrencyConverterViewController.swift */ = {isa = PBXFileReference; fileEncoding = 4; lastKnownFileType = sourcecode.swift; path = CurrencyConverterViewController.swift; sourceTree = "<group>"; };
		FF21F4FF1DA81B1C0064EB90 /* CurrencyTableViewCell.swift */ = {isa = PBXFileReference; fileEncoding = 4; lastKnownFileType = sourcecode.swift; path = CurrencyTableViewCell.swift; sourceTree = "<group>"; };
		FF21F5001DA81B1C0064EB90 /* DictionaryInfoViewController.swift */ = {isa = PBXFileReference; fileEncoding = 4; lastKnownFileType = sourcecode.swift; path = DictionaryInfoViewController.swift; sourceTree = "<group>"; };
		FF21F5011DA81B1C0064EB90 /* Info.plist */ = {isa = PBXFileReference; fileEncoding = 4; lastKnownFileType = text.plist.xml; path = Info.plist; sourceTree = "<group>"; };
		FF21F5021DA81B1C0064EB90 /* TranslationsTableViewCell.swift */ = {isa = PBXFileReference; fileEncoding = 4; lastKnownFileType = sourcecode.swift; path = TranslationsTableViewCell.swift; sourceTree = "<group>"; };
		FF21F5031DA81B1C0064EB90 /* TranslatorViewController.swift */ = {isa = PBXFileReference; fileEncoding = 4; lastKnownFileType = sourcecode.swift; path = TranslatorViewController.swift; sourceTree = "<group>"; };
		FF21F5041DA81B1C0064EB90 /* WeatherTableViewCell.swift */ = {isa = PBXFileReference; fileEncoding = 4; lastKnownFileType = sourcecode.swift; path = WeatherTableViewCell.swift; sourceTree = "<group>"; };
		FF21F5051DA81B1C0064EB90 /* WeatherViewController.swift */ = {isa = PBXFileReference; fileEncoding = 4; lastKnownFileType = sourcecode.swift; path = WeatherViewController.swift; sourceTree = "<group>"; };
		FF21F5071DA81B1C0064EB90 /* World_Traveler_s_App.xcdatamodel */ = {isa = PBXFileReference; lastKnownFileType = wrapper.xcdatamodel; path = World_Traveler_s_App.xcdatamodel; sourceTree = "<group>"; };
		FF21F5081DA81B1C0064EB90 /* WorldClockViewController.swift */ = {isa = PBXFileReference; fileEncoding = 4; lastKnownFileType = sourcecode.swift; path = WorldClockViewController.swift; sourceTree = "<group>"; };
		FF5435B91DB3AE3200E28153 /* SelectCurrencyViewController.swift */ = {isa = PBXFileReference; fileEncoding = 4; lastKnownFileType = sourcecode.swift; path = SelectCurrencyViewController.swift; sourceTree = "<group>"; };
		FF67A3B21DB772CD00ABC326 /* CurrencySelectorTableViewCell.swift */ = {isa = PBXFileReference; fileEncoding = 4; lastKnownFileType = sourcecode.swift; path = CurrencySelectorTableViewCell.swift; sourceTree = "<group>"; };
		FF9F099B1DB8FB6300A54028 /* Section.swift */ = {isa = PBXFileReference; fileEncoding = 4; lastKnownFileType = sourcecode.swift; path = Section.swift; sourceTree = "<group>"; };
		FFAE2D991DB6462B001C1FA1 /* BlurVisualEffectViewController.swift */ = {isa = PBXFileReference; fileEncoding = 4; lastKnownFileType = sourcecode.swift; path = BlurVisualEffectViewController.swift; sourceTree = "<group>"; };
		FFCEF3D51DB7C4440068513B /* SectionsData.swift */ = {isa = PBXFileReference; fileEncoding = 4; lastKnownFileType = sourcecode.swift; path = SectionsData.swift; sourceTree = "<group>"; };
		FFD6A0911D8982FC0084A14F /* The World App.app */ = {isa = PBXFileReference; includeInIndex = 0; lastKnownFileType = wrapper.application; path = "The World App.app"; sourceTree = BUILT_PRODUCTS_DIR; };
/* End PBXFileReference section */

/* Begin PBXFrameworksBuildPhase section */
		FFD6A08E1D8982FC0084A14F /* Frameworks */ = {
			isa = PBXFrameworksBuildPhase;
			buildActionMask = 2147483647;
			files = (
			);
			runOnlyForDeploymentPostprocessing = 0;
		};
/* End PBXFrameworksBuildPhase section */

/* Begin PBXGroup section */
		FF21F4F81DA81B1C0064EB90 /* Base.lproj */ = {
			isa = PBXGroup;
			children = (
				FF21F4F91DA81B1C0064EB90 /* LaunchScreen.storyboard */,
				FF21F4FB1DA81B1C0064EB90 /* Main.storyboard */,
			);
			path = Base.lproj;
			sourceTree = "<group>";
		};
		FF40D3C61DA489B3004EB58B /* The World App */ = {
			isa = PBXGroup;
			children = (
				FFACA5BE1DB34ACA00B65E84 /* World Clock */,
				FFACA5BF1DB34ADB00B65E84 /* Weather */,
				FF21F4F81DA81B1C0064EB90 /* Base.lproj */,
				FFACA5C01DB34AF500B65E84 /* Currency */,
				FFACA5BD1DB34A9900B65E84 /* Translator */,
				FF21F5011DA81B1C0064EB90 /* Info.plist */,
				FF21F4F71DA81B1C0064EB90 /* Assets.xcassets */,
				FFAE2D991DB6462B001C1FA1 /* BlurVisualEffectViewController.swift */,
				FF21F4F61DA81B1C0064EB90 /* AppDelegate.swift */,
				FF21F5061DA81B1C0064EB90 /* World_Traveler_s_App.xcdatamodeld */,
			);
			path = "The World App";
			sourceTree = "<group>";
		};
		FFACA5BD1DB34A9900B65E84 /* Translator */ = {
			isa = PBXGroup;
			children = (
				FF21F5031DA81B1C0064EB90 /* TranslatorViewController.swift */,
				FF21F5001DA81B1C0064EB90 /* DictionaryInfoViewController.swift */,
				FF21F5021DA81B1C0064EB90 /* TranslationsTableViewCell.swift */,
			);
			name = Translator;
			sourceTree = "<group>";
		};
		FFACA5BE1DB34ACA00B65E84 /* World Clock */ = {
			isa = PBXGroup;
			children = (
				FF21F4F41DA81B1C0064EB90 /* AddClockLocationViewController.swift */,
				FF21F4FD1DA81B1C0064EB90 /* ClockTableViewCell.swift */,
				FF21F5081DA81B1C0064EB90 /* WorldClockViewController.swift */,
			);
			name = "World Clock";
			sourceTree = "<group>";
		};
		FFACA5BF1DB34ADB00B65E84 /* Weather */ = {
			isa = PBXGroup;
			children = (
				FF21F5041DA81B1C0064EB90 /* WeatherTableViewCell.swift */,
				FF21F5051DA81B1C0064EB90 /* WeatherViewController.swift */,
				FF21F4F51DA81B1C0064EB90 /* AddNewWeatherLocationViewController.swift */,
			);
			name = Weather;
			sourceTree = "<group>";
		};
		FFACA5C01DB34AF500B65E84 /* Currency */ = {
			isa = PBXGroup;
			children = (
				FF21F4FE1DA81B1C0064EB90 /* CurrencyConverterViewController.swift */,
				FF21F4FF1DA81B1C0064EB90 /* CurrencyTableViewCell.swift */,
				FF5435B91DB3AE3200E28153 /* SelectCurrencyViewController.swift */,
				FF67A3B21DB772CD00ABC326 /* CurrencySelectorTableViewCell.swift */,
				FFCEF3D51DB7C4440068513B /* SectionsData.swift */,
				FF9F099B1DB8FB6300A54028 /* Section.swift */,
			);
			name = Currency;
			sourceTree = "<group>";
		};
		FFD6A0881D8982FC0084A14F = {
			isa = PBXGroup;
			children = (
				FF40D3C61DA489B3004EB58B /* The World App */,
				FFD6A0921D8982FC0084A14F /* Products */,
			);
			sourceTree = "<group>";
		};
		FFD6A0921D8982FC0084A14F /* Products */ = {
			isa = PBXGroup;
			children = (
				FFD6A0911D8982FC0084A14F /* The World App.app */,
			);
			name = Products;
			sourceTree = "<group>";
		};
/* End PBXGroup section */

/* Begin PBXNativeTarget section */
		FFD6A0901D8982FC0084A14F /* The World App */ = {
			isa = PBXNativeTarget;
			buildConfigurationList = FFD6A0A61D8982FC0084A14F /* Build configuration list for PBXNativeTarget "The World App" */;
			buildPhases = (
				FFD6A08D1D8982FC0084A14F /* Sources */,
				FFD6A08E1D8982FC0084A14F /* Frameworks */,
				FFD6A08F1D8982FC0084A14F /* Resources */,
			);
			buildRules = (
			);
			dependencies = (
			);
			name = "The World App";
			productName = "World Traveler's App";
			productReference = FFD6A0911D8982FC0084A14F /* The World App.app */;
			productType = "com.apple.product-type.application";
		};
/* End PBXNativeTarget section */

/* Begin PBXProject section */
		FFD6A0891D8982FC0084A14F /* Project object */ = {
			isa = PBXProject;
			attributes = {
				LastSwiftUpdateCheck = 0800;
				LastUpgradeCheck = 0800;
				ORGANIZATIONNAME = "Kyle Stewart";
				TargetAttributes = {
					FFD6A0901D8982FC0084A14F = {
						CreatedOnToolsVersion = 8.0;
						DevelopmentTeam = NZE2UWJUNX;
						LastSwiftMigration = 0800;
						ProvisioningStyle = Automatic;
					};
				};
			};
			buildConfigurationList = FFD6A08C1D8982FC0084A14F /* Build configuration list for PBXProject "The World App" */;
			compatibilityVersion = "Xcode 8.0";
			developmentRegion = English;
			hasScannedForEncodings = 0;
			knownRegions = (
				en,
				Base,
			);
			mainGroup = FFD6A0881D8982FC0084A14F;
			productRefGroup = FFD6A0921D8982FC0084A14F /* Products */;
			projectDirPath = "";
			projectRoot = "";
			targets = (
				FFD6A0901D8982FC0084A14F /* The World App */,
			);
		};
/* End PBXProject section */

/* Begin PBXResourcesBuildPhase section */
		FFD6A08F1D8982FC0084A14F /* Resources */ = {
			isa = PBXResourcesBuildPhase;
			buildActionMask = 2147483647;
			files = (
				FF21F50E1DA81B1C0064EB90 /* Main.storyboard in Resources */,
				FF21F50C1DA81B1C0064EB90 /* Assets.xcassets in Resources */,
				FF21F50D1DA81B1C0064EB90 /* LaunchScreen.storyboard in Resources */,
			);
			runOnlyForDeploymentPostprocessing = 0;
		};
/* End PBXResourcesBuildPhase section */

/* Begin PBXSourcesBuildPhase section */
		FFD6A08D1D8982FC0084A14F /* Sources */ = {
			isa = PBXSourcesBuildPhase;
			buildActionMask = 2147483647;
			files = (
				FF21F5161DA81B1C0064EB90 /* WeatherTableViewCell.swift in Sources */,
				FF21F5121DA81B1C0064EB90 /* DictionaryInfoViewController.swift in Sources */,
				FF21F5101DA81B1C0064EB90 /* CurrencyConverterViewController.swift in Sources */,
				FF21F50B1DA81B1C0064EB90 /* AppDelegate.swift in Sources */,
				FF21F5091DA81B1C0064EB90 /* AddClockLocationViewController.swift in Sources */,
				FF67A3B31DB772CD00ABC326 /* CurrencySelectorTableViewCell.swift in Sources */,
				FF21F5181DA81B1C0064EB90 /* World_Traveler_s_App.xcdatamodeld in Sources */,
				FF21F50F1DA81B1C0064EB90 /* ClockTableViewCell.swift in Sources */,
				FF21F5151DA81B1C0064EB90 /* TranslatorViewController.swift in Sources */,
				FF9F099C1DB8FB6300A54028 /* Section.swift in Sources */,
				FF21F5111DA81B1C0064EB90 /* CurrencyTableViewCell.swift in Sources */,
				FFCEF3D61DB7C4440068513B /* SectionsData.swift in Sources */,
				FF21F50A1DA81B1C0064EB90 /* AddNewWeatherLocationViewController.swift in Sources */,
				FF21F5191DA81B1C0064EB90 /* WorldClockViewController.swift in Sources */,
				FFAE2D9A1DB6462B001C1FA1 /* BlurVisualEffectViewController.swift in Sources */,
				FF5435BA1DB3AE3200E28153 /* SelectCurrencyViewController.swift in Sources */,
				FF21F5141DA81B1C0064EB90 /* TranslationsTableViewCell.swift in Sources */,
				FF21F5171DA81B1C0064EB90 /* WeatherViewController.swift in Sources */,
			);
			runOnlyForDeploymentPostprocessing = 0;
		};
/* End PBXSourcesBuildPhase section */

/* Begin PBXVariantGroup section */
		FF21F4F91DA81B1C0064EB90 /* LaunchScreen.storyboard */ = {
			isa = PBXVariantGroup;
			children = (
				FF21F4FA1DA81B1C0064EB90 /* Base */,
			);
			name = LaunchScreen.storyboard;
			sourceTree = "<group>";
		};
		FF21F4FB1DA81B1C0064EB90 /* Main.storyboard */ = {
			isa = PBXVariantGroup;
			children = (
				FF21F4FC1DA81B1C0064EB90 /* Base */,
			);
			name = Main.storyboard;
			sourceTree = "<group>";
		};
/* End PBXVariantGroup section */

/* Begin XCBuildConfiguration section */
		FFD6A0A41D8982FC0084A14F /* Debug */ = {
			isa = XCBuildConfiguration;
			buildSettings = {
				ALWAYS_SEARCH_USER_PATHS = NO;
				CLANG_ANALYZER_NONNULL = YES;
				CLANG_CXX_LANGUAGE_STANDARD = "gnu++0x";
				CLANG_CXX_LIBRARY = "libc++";
				CLANG_ENABLE_MODULES = YES;
				CLANG_ENABLE_OBJC_ARC = YES;
				CLANG_WARN_BOOL_CONVERSION = YES;
				CLANG_WARN_CONSTANT_CONVERSION = YES;
				CLANG_WARN_DIRECT_OBJC_ISA_USAGE = YES_ERROR;
				CLANG_WARN_DOCUMENTATION_COMMENTS = YES;
				CLANG_WARN_EMPTY_BODY = YES;
				CLANG_WARN_ENUM_CONVERSION = YES;
				CLANG_WARN_INFINITE_RECURSION = YES;
				CLANG_WARN_INT_CONVERSION = YES;
				CLANG_WARN_OBJC_ROOT_CLASS = YES_ERROR;
				CLANG_WARN_SUSPICIOUS_MOVES = YES;
				CLANG_WARN_UNREACHABLE_CODE = YES;
				CLANG_WARN__DUPLICATE_METHOD_MATCH = YES;
				"CODE_SIGN_IDENTITY[sdk=iphoneos*]" = "iPhone Developer";
				COPY_PHASE_STRIP = NO;
				DEBUG_INFORMATION_FORMAT = dwarf;
				ENABLE_STRICT_OBJC_MSGSEND = YES;
				ENABLE_TESTABILITY = YES;
				GCC_C_LANGUAGE_STANDARD = gnu99;
				GCC_DYNAMIC_NO_PIC = NO;
				GCC_NO_COMMON_BLOCKS = YES;
				GCC_OPTIMIZATION_LEVEL = 0;
				GCC_PREPROCESSOR_DEFINITIONS = (
					"DEBUG=1",
					"$(inherited)",
				);
				GCC_WARN_64_TO_32_BIT_CONVERSION = YES;
				GCC_WARN_ABOUT_RETURN_TYPE = YES_ERROR;
				GCC_WARN_UNDECLARED_SELECTOR = YES;
				GCC_WARN_UNINITIALIZED_AUTOS = YES_AGGRESSIVE;
				GCC_WARN_UNUSED_FUNCTION = YES;
				GCC_WARN_UNUSED_VARIABLE = YES;
				IPHONEOS_DEPLOYMENT_TARGET = 10.0;
				MTL_ENABLE_DEBUG_INFO = YES;
				ONLY_ACTIVE_ARCH = YES;
				SDKROOT = iphoneos;
				SWIFT_ACTIVE_COMPILATION_CONDITIONS = DEBUG;
				SWIFT_OPTIMIZATION_LEVEL = "-Onone";
			};
			name = Debug;
		};
		FFD6A0A51D8982FC0084A14F /* Release */ = {
			isa = XCBuildConfiguration;
			buildSettings = {
				ALWAYS_SEARCH_USER_PATHS = NO;
				CLANG_ANALYZER_NONNULL = YES;
				CLANG_CXX_LANGUAGE_STANDARD = "gnu++0x";
				CLANG_CXX_LIBRARY = "libc++";
				CLANG_ENABLE_MODULES = YES;
				CLANG_ENABLE_OBJC_ARC = YES;
				CLANG_WARN_BOOL_CONVERSION = YES;
				CLANG_WARN_CONSTANT_CONVERSION = YES;
				CLANG_WARN_DIRECT_OBJC_ISA_USAGE = YES_ERROR;
				CLANG_WARN_DOCUMENTATION_COMMENTS = YES;
				CLANG_WARN_EMPTY_BODY = YES;
				CLANG_WARN_ENUM_CONVERSION = YES;
				CLANG_WARN_INFINITE_RECURSION = YES;
				CLANG_WARN_INT_CONVERSION = YES;
				CLANG_WARN_OBJC_ROOT_CLASS = YES_ERROR;
				CLANG_WARN_SUSPICIOUS_MOVES = YES;
				CLANG_WARN_UNREACHABLE_CODE = YES;
				CLANG_WARN__DUPLICATE_METHOD_MATCH = YES;
				"CODE_SIGN_IDENTITY[sdk=iphoneos*]" = "iPhone Developer";
				COPY_PHASE_STRIP = NO;
				DEBUG_INFORMATION_FORMAT = "dwarf-with-dsym";
				ENABLE_NS_ASSERTIONS = NO;
				ENABLE_STRICT_OBJC_MSGSEND = YES;
				GCC_C_LANGUAGE_STANDARD = gnu99;
				GCC_NO_COMMON_BLOCKS = YES;
				GCC_WARN_64_TO_32_BIT_CONVERSION = YES;
				GCC_WARN_ABOUT_RETURN_TYPE = YES_ERROR;
				GCC_WARN_UNDECLARED_SELECTOR = YES;
				GCC_WARN_UNINITIALIZED_AUTOS = YES_AGGRESSIVE;
				GCC_WARN_UNUSED_FUNCTION = YES;
				GCC_WARN_UNUSED_VARIABLE = YES;
				IPHONEOS_DEPLOYMENT_TARGET = 10.0;
				MTL_ENABLE_DEBUG_INFO = NO;
				ONLY_ACTIVE_ARCH = NO;
				SDKROOT = iphoneos;
				SWIFT_OPTIMIZATION_LEVEL = "-Onone";
				VALIDATE_PRODUCT = YES;
			};
			name = Release;
		};
		FFD6A0A71D8982FC0084A14F /* Debug */ = {
			isa = XCBuildConfiguration;
			buildSettings = {
				ASSETCATALOG_COMPILER_APPICON_NAME = AppIcon;
				ASSETCATALOG_COMPILER_LAUNCHIMAGE_NAME = LaunchImage;
				CLANG_ENABLE_MODULES = YES;
				"CODE_SIGN_IDENTITY[sdk=iphoneos*]" = "iPhone Developer";
				DEVELOPMENT_TEAM = NZE2UWJUNX;
				INFOPLIST_FILE = "The World App/Info.plist";
				LD_RUNPATH_SEARCH_PATHS = "$(inherited) @executable_path/Frameworks";
				PRODUCT_BUNDLE_IDENTIFIER = "com.kylestewart.World-App";
				PRODUCT_NAME = "$(TARGET_NAME)";
				SWIFT_OPTIMIZATION_LEVEL = "-Onone";
				SWIFT_VERSION = 3.0;
				TARGETED_DEVICE_FAMILY = "1,2";
			};
			name = Debug;
		};
		FFD6A0A81D8982FC0084A14F /* Release */ = {
			isa = XCBuildConfiguration;
			buildSettings = {
				ASSETCATALOG_COMPILER_APPICON_NAME = AppIcon;
				ASSETCATALOG_COMPILER_LAUNCHIMAGE_NAME = LaunchImage;
				CLANG_ENABLE_MODULES = YES;
				"CODE_SIGN_IDENTITY[sdk=iphoneos*]" = "iPhone Developer";
				DEVELOPMENT_TEAM = NZE2UWJUNX;
				INFOPLIST_FILE = "The World App/Info.plist";
				LD_RUNPATH_SEARCH_PATHS = "$(inherited) @executable_path/Frameworks";
				PRODUCT_BUNDLE_IDENTIFIER = "com.kylestewart.World-App";
				PRODUCT_NAME = "$(TARGET_NAME)";
				SWIFT_VERSION = 3.0;
				TARGETED_DEVICE_FAMILY = "1,2";
			};
			name = Release;
		};
/* End XCBuildConfiguration section */

/* Begin XCConfigurationList section */
		FFD6A08C1D8982FC0084A14F /* Build configuration list for PBXProject "The World App" */ = {
			isa = XCConfigurationList;
			buildConfigurations = (
				FFD6A0A41D8982FC0084A14F /* Debug */,
				FFD6A0A51D8982FC0084A14F /* Release */,
			);
			defaultConfigurationIsVisible = 0;
			defaultConfigurationName = Release;
		};
		FFD6A0A61D8982FC0084A14F /* Build configuration list for PBXNativeTarget "The World App" */ = {
			isa = XCConfigurationList;
			buildConfigurations = (
				FFD6A0A71D8982FC0084A14F /* Debug */,
				FFD6A0A81D8982FC0084A14F /* Release */,
			);
			defaultConfigurationIsVisible = 0;
			defaultConfigurationName = Release;
		};
/* End XCConfigurationList section */

/* Begin XCVersionGroup section */
		FF21F5061DA81B1C0064EB90 /* World_Traveler_s_App.xcdatamodeld */ = {
			isa = XCVersionGroup;
			children = (
				FF21F5071DA81B1C0064EB90 /* World_Traveler_s_App.xcdatamodel */,
			);
			currentVersion = FF21F5071DA81B1C0064EB90 /* World_Traveler_s_App.xcdatamodel */;
			path = World_Traveler_s_App.xcdatamodeld;
			sourceTree = "<group>";
			versionGroupType = wrapper.xcdatamodel;
		};
/* End XCVersionGroup section */
	};
	rootObject = FFD6A0891D8982FC0084A14F /* Project object */;
}
